
Microsoft Visual Studio Solution File, Format Version 12.00
# Visual Studio 15
VisualStudioVersion = 15.0.28010.2016
MinimumVisualStudioVersion = 10.0.40219.1
Project("{FAE04EC0-301F-11D3-BF4B-00C04F79EFBC}") = "CData_Exchange_WPF", "CData_Exchange_WPF\CData_Exchange_WPF.csproj", "{78664F50-888B-4804-B615-A30EC1E70501}"
EndProject
Global
	GlobalSection(SolutionConfigurationPlatforms) = preSolution
		Debug|Any CPU = Debug|Any CPU
		Release|Any CPU = Release|Any CPU
	EndGlobalSection
	GlobalSection(ProjectConfigurationPlatforms) = postSolution
		{78664F50-888B-4804-B615-A30EC1E70501}.Debug|Any CPU.ActiveCfg = Debug|Any CPU
		{78664F50-888B-4804-B615-A30EC1E70501}.Debug|Any CPU.Build.0 = Debug|Any CPU
		{78664F50-888B-4804-B615-A30EC1E70501}.Release|Any CPU.ActiveCfg = Release|Any CPU
		{78664F50-888B-4804-B615-A30EC1E70501}.Release|Any CPU.Build.0 = Release|Any CPU
	EndGlobalSection
	GlobalSection(SolutionProperties) = preSolution
		HideSolutionNode = FALSE
	EndGlobalSection
	GlobalSection(ExtensibilityGlobals) = postSolution
		SolutionGuid = {00918E91-3524-482F-B1A3-CD034DD5B46A}
	EndGlobalSection
EndGlobal
