
Microsoft Visual Studio Solution File, Format Version 12.00
# Visual Studio 15
VisualStudioVersion = 15.0.28010.2016
MinimumVisualStudioVersion = 10.0.40219.1
Project("{FAE04EC0-301F-11D3-BF4B-00C04F79EFBC}") = "ProgrammingPattern", "ProgrammingPattern\ProgrammingPattern.csproj", "{FDD565BE-B3C9-4289-8E84-8066E2FD5A92}"
EndProject
Global
	GlobalSection(SolutionConfigurationPlatforms) = preSolution
		Debug|Any CPU = Debug|Any CPU
		Release|Any CPU = Release|Any CPU
	EndGlobalSection
	GlobalSection(ProjectConfigurationPlatforms) = postSolution
		{FDD565BE-B3C9-4289-8E84-8066E2FD5A92}.Debug|Any CPU.ActiveCfg = Debug|Any CPU
		{FDD565BE-B3C9-4289-8E84-8066E2FD5A92}.Debug|Any CPU.Build.0 = Debug|Any CPU
		{FDD565BE-B3C9-4289-8E84-8066E2FD5A92}.Release|Any CPU.ActiveCfg = Release|Any CPU
		{FDD565BE-B3C9-4289-8E84-8066E2FD5A92}.Release|Any CPU.Build.0 = Release|Any CPU
	EndGlobalSection
	GlobalSection(SolutionProperties) = preSolution
		HideSolutionNode = FALSE
	EndGlobalSection
	GlobalSection(ExtensibilityGlobals) = postSolution
		SolutionGuid = {00918E91-3524-482F-B1B3-CC034DD5B46A}
	EndGlobalSection
EndGlobal
